{
  "requires": true,
  "lockfileVersion": 1,
  "dependencies": {
    "axios": {
      "version": "0.19.2",
      "resolved": "https://registry.npmjs.org/axios/-/axios-0.19.2.tgz",
      "integrity": "sha512-fjgm5MvRHLhx+osE2xoekY70AhARk3a6hkN+3Io1jc00jtquGvxYlKlsFUhmUET0V5te6CcZI7lcv2Ym61mjHA==",
      "requires": {
        "follow-redirects": "1.5.10"
      }
    },
    "babel-runtime": {
      "version": "5.8.38",
      "resolved": "https://registry.npmjs.org/babel-runtime/-/babel-runtime-5.8.38.tgz",
      "integrity": "sha1-HAsC62MxL18If/IEUIJ7QlydTBk=",
      "requires": {
        "core-js": "^1.0.0"
      }
    },
    "balloon-css": {
      "version": "1.2.0",
      "resolved": "https://registry.npmjs.org/balloon-css/-/balloon-css-1.2.0.tgz",
      "integrity": "sha512-urXwkHgwp6GsXVF+it01485Z2Cj4pnW02ICnM0TemOlkKmCNnDLmyy+ZZiRXBpwldUXO+aRNr7Hdia4CBvXJ5A=="
    },
    "core-js": {
      "version": "1.2.7",
      "resolved": "https://registry.npmjs.org/core-js/-/core-js-1.2.7.tgz",
      "integrity": "sha1-ZSKUwUZR2yj6k70tX/KYOk8IxjY="
    },
    "debug": {
      "version": "3.1.0",
      "resolved": "https://registry.npmjs.org/debug/-/debug-3.1.0.tgz",
      "integrity": "sha512-OX8XqP7/1a9cqkxYw2yXss15f26NKWBpDXQd0/uK/KPqdQhxbPa994hnzjcE2VqQpDslf55723cKPUOGSmMY3g==",
      "requires": {
        "ms": "2.0.0"
      }
    },
    "dplayer": {
      "version": "1.26.0",
      "resolved": "https://registry.npmjs.org/dplayer/-/dplayer-1.26.0.tgz",
      "integrity": "sha512-uOE0w/WdlX7N9d0ppIEcAYrcnUjY52TMX+MBL4lj9Mj+JMljVuaEc5w88HkZp5Q11VqvN/jxnM8ktx2Dr7/MgA==",
      "requires": {
        "axios": "0.19.2",
        "balloon-css": "^1.0.3",
        "promise-polyfill": "8.1.3"
      }
    },
    "follow-redirects": {
      "version": "1.5.10",
      "resolved": "https://registry.npmjs.org/follow-redirects/-/follow-redirects-1.5.10.tgz",
      "integrity": "sha512-0V5l4Cizzvqt5D44aTXbFZz+FtyXV1vrDN6qrelxtfYQKW0KO0W2T/hkE8xvGa/540LkZlkaUjO4ailYTFtHVQ==",
      "requires": {
        "debug": "=3.1.0"
      }
    },
    "ms": {
      "version": "2.0.0",
      "resolved": "https://registry.npmjs.org/ms/-/ms-2.0.0.tgz",
      "integrity": "sha1-VgiurfwAvmwpAd9fmGF4jeDVl8g="
    },
    "promise-polyfill": {
      "version": "8.1.3",
      "resolved": "https://registry.npmjs.org/promise-polyfill/-/promise-polyfill-8.1.3.tgz",
      "integrity": "sha512-MG5r82wBzh7pSKDRa9y+vllNHz3e3d4CNj1PQE4BQYxLme0gKYYBm9YENq+UkEikyZ0XbiGWxYlVw3Rl9O/U8g=="
    },
    "vue": {
      "version": "2.6.12",
      "resolved": "https://registry.npmjs.org/vue/-/vue-2.6.12.tgz",
      "integrity": "sha512-uhmLFETqPPNyuLLbsKz6ioJ4q7AZHzD8ZVFNATNyICSZouqP2Sz0rotWQC8UNBF6VGSCs5abnKJoStA6JbCbfg=="
    },
    "vue-dplayer": {
      "version": "0.0.10",
      "resolved": "https://registry.npmjs.org/vue-dplayer/-/vue-dplayer-0.0.10.tgz",
      "integrity": "sha512-l6d6OnhEUO87lhAees9mEBUFsG5Thqv/VeEVZlSQ993/S0oxvWTDLjjkzH59hO2PALimBK2kB6yNYsHyJBgotw==",
      "requires": {
        "dplayer": "^1.22.2",
        "vue-github-badge": "1.0.1"
      }
    },
    "vue-github-badge": {
      "version": "1.0.1",
      "resolved": "https://registry.npmjs.org/vue-github-badge/-/vue-github-badge-1.0.1.tgz",
      "integrity": "sha1-3/fOBzIOZKIY7fEGsVpDF27AYQY="
    },
    "vue-video": {
      "version": "0.1.7",
      "resolved": "https://registry.npmjs.org/vue-video/-/vue-video-0.1.7.tgz",
      "integrity": "sha1-7GlTTaaVIl3mwCvabH1JttRr6mY="
    },
    "vue-videobg": {
      "version": "2.0.0",
      "resolved": "https://registry.npmjs.org/vue-videobg/-/vue-videobg-2.0.0.tgz",
      "integrity": "sha1-WCZ1Au2m2+FYotXdkkz2G+oIbQw=",
      "requires": {
        "babel-runtime": "^5.8.0",
        "vue": "^2.3.2"
      }
    }
  }
}
